{
  "nodes": {
    "aikadm-frontend": {
      "inputs": {
        "nixpkgs": [
          "nixpkgs"
        ]
      },
      "locked": {
        "lastModified": 1742832901,
        "narHash": "sha256-Y7IOxe9SGItPKbOTybDyX5Z1A6J9tTCTFrQ1sukXVwY=",
        "owner": "HumXC",
        "repo": "aikadm-frontend",
        "rev": "d740cdba2e258166db29e7c1f3600db46abeb2cc",
        "type": "github"
      },
      "original": {
        "owner": "HumXC",
        "repo": "aikadm-frontend",
        "type": "github"
      }
    },
    "nixpkgs": {
      "locked": {
        "lastModified": 1741246872,
        "narHash": "sha256-Q6pMP4a9ed636qilcYX8XUguvKl/0/LGXhHcRI91p0U=",
        "owner": "NixOS",
        "repo": "nixpkgs",
        "rev": "10069ef4cf863633f57238f179a0297de84bd8d3",
        "type": "github"
      },
      "original": {
        "owner": "NixOS",
        "ref": "nixos-unstable",
        "repo": "nixpkgs",
        "type": "github"
      }
    },
    "root": {
      "inputs": {
        "aikadm-frontend": "aikadm-frontend",
        "nixpkgs": "nixpkgs"
      }
    }
  },
  "root": "root",
  "version": 7
}
