{
  "nodes": {
    "aikadm-frontend": {
      "inputs": {
        "nixpkgs": [
          "nixpkgs"
        ]
      },
      "locked": {
        "lastModified": 1743349403,
        "narHash": "sha256-MULIZIUHwhzIa+sma5c2jG4uRzHIQh/W/b289kNnYEU=",
        "owner": "HumXC",
        "repo": "aikadm-frontend",
        "rev": "11bc1d13818841e7d8e1e66f19718767c0c6f5d6",
        "type": "github"
      },
      "original": {
        "owner": "HumXC",
        "repo": "aikadm-frontend",
        "type": "github"
      }
    },
    "nixpkgs": {
      "locked": {
        "lastModified": 1741246872,
        "narHash": "sha256-Q6pMP4a9ed636qilcYX8XUguvKl/0/LGXhHcRI91p0U=",
        "owner": "NixOS",
        "repo": "nixpkgs",
        "rev": "10069ef4cf863633f57238f179a0297de84bd8d3",
        "type": "github"
      },
      "original": {
        "owner": "NixOS",
        "ref": "nixos-unstable",
        "repo": "nixpkgs",
        "type": "github"
      }
    },
    "root": {
      "inputs": {
        "aikadm-frontend": "aikadm-frontend",
        "nixpkgs": "nixpkgs"
      }
    }
  },
  "root": "root",
  "version": 7
}
