{
  "nodes": {
    "frontend": {
      "inputs": {
        "nixpkgs": [
          "nixpkgs"
        ]
      },
      "locked": {
        "lastModified": 1741698670,
        "narHash": "sha256-0qys6VzFE2+/PFiOoW0WomnBzS7WcGMsTmUJQGn+IWc=",
        "owner": "HumXC",
        "repo": "html-greet-frontend",
        "rev": "1f5f267600358b8d3a3bc6500a8da1c6b9c9000a",
        "type": "github"
      },
      "original": {
        "owner": "HumXC",
        "repo": "html-greet-frontend",
        "type": "github"
      }
    },
    "nixpkgs": {
      "locked": {
        "lastModified": 1741246872,
        "narHash": "sha256-Q6pMP4a9ed636qilcYX8XUguvKl/0/LGXhHcRI91p0U=",
        "owner": "NixOS",
        "repo": "nixpkgs",
        "rev": "10069ef4cf863633f57238f179a0297de84bd8d3",
        "type": "github"
      },
      "original": {
        "owner": "NixOS",
        "ref": "nixos-unstable",
        "repo": "nixpkgs",
        "type": "github"
      }
    },
    "root": {
      "inputs": {
        "frontend": "frontend",
        "nixpkgs": "nixpkgs"
      }
    }
  },
  "root": "root",
  "version": 7
}
